
Microsoft Visual Studio Solution File, Format Version 12.00
# Visual Studio Version 17
VisualStudioVersion = 17.4.33122.133
MinimumVisualStudioVersion = 10.0.40219.1
Project("{FAE04EC0-301F-11D3-BF4B-00C04F79EFBC}") = "ShoppingList", "ShoppingList\ShoppingList.csproj", "{B3689338-C3E5-45EA-9327-DCC0C2ADC1FC}"
EndProject
Global
	GlobalSection(SolutionConfigurationPlatforms) = preSolution
		Debug|Any CPU = Debug|Any CPU
		Release|Any CPU = Release|Any CPU
	EndGlobalSection
	GlobalSection(ProjectConfigurationPlatforms) = postSolution
		{B3689338-C3E5-45EA-9327-DCC0C2ADC1FC}.Debug|Any CPU.ActiveCfg = Debug|Any CPU
		{B3689338-C3E5-45EA-9327-DCC0C2ADC1FC}.Debug|Any CPU.Build.0 = Debug|Any CPU
		{B3689338-C3E5-45EA-9327-DCC0C2ADC1FC}.Release|Any CPU.ActiveCfg = Release|Any CPU
		{B3689338-C3E5-45EA-9327-DCC0C2ADC1FC}.Release|Any CPU.Build.0 = Release|Any CPU
	EndGlobalSection
	GlobalSection(SolutionProperties) = preSolution
		HideSolutionNode = FALSE
	EndGlobalSection
	GlobalSection(ExtensibilityGlobals) = postSolution
		SolutionGuid = {2746CE80-1807-4187-8577-C67E603ACD9A}
	EndGlobalSection
EndGlobal
